// !$*UTF8*$!
{
	archiveVersion = 1;
	classes = {
	};
	objectVersion = 50;
	objects = {

/* Begin PBXBuildFile section */
		D624BE3723A1EEFF00124D88 /* AppDelegate.swift in Sources */ = {isa = PBXBuildFile; fileRef = D624BE3623A1EEFF00124D88 /* AppDelegate.swift */; };
		D624BE3923A1EEFF00124D88 /* SceneDelegate.swift in Sources */ = {isa = PBXBuildFile; fileRef = D624BE3823A1EEFF00124D88 /* SceneDelegate.swift */; };
		D624BE3B23A1EEFF00124D88 /* ViewController.swift in Sources */ = {isa = PBXBuildFile; fileRef = D624BE3A23A1EEFF00124D88 /* ViewController.swift */; };
		D624BE3E23A1EEFF00124D88 /* Main.storyboard in Resources */ = {isa = PBXBuildFile; fileRef = D624BE3C23A1EEFF00124D88 /* Main.storyboard */; };
		D624BE4023A1EF0200124D88 /* Assets.xcassets in Resources */ = {isa = PBXBuildFile; fileRef = D624BE3F23A1EF0200124D88 /* Assets.xcassets */; };
		D624BE4323A1EF0200124D88 /* LaunchScreen.storyboard in Resources */ = {isa = PBXBuildFile; fileRef = D624BE4123A1EF0200124D88 /* LaunchScreen.storyboard */; };
/* End PBXBuildFile section */

/* Begin PBXFileReference section */
		D624BE3323A1EEFF00124D88 /* Face Recognition.app */ = {isa = PBXFileReference; explicitFileType = wrapper.application; includeInIndex = 0; path = "Face Recognition.app"; sourceTree = BUILT_PRODUCTS_DIR; };
		D624BE3623A1EEFF00124D88 /* AppDelegate.swift */ = {isa = PBXFileReference; lastKnownFileType = sourcecode.swift; path = AppDelegate.swift; sourceTree = "<group>"; };
		D624BE3823A1EEFF00124D88 /* SceneDelegate.swift */ = {isa = PBXFileReference; lastKnownFileType = sourcecode.swift; path = SceneDelegate.swift; sourceTree = "<group>"; };
		D624BE3A23A1EEFF00124D88 /* ViewController.swift */ = {isa = PBXFileReference; lastKnownFileType = sourcecode.swift; path = ViewController.swift; sourceTree = "<group>"; };
		D624BE3D23A1EEFF00124D88 /* Base */ = {isa = PBXFileReference; lastKnownFileType = file.storyboard; name = Base; path = Base.lproj/Main.storyboard; sourceTree = "<group>"; };
		D624BE3F23A1EF0200124D88 /* Assets.xcassets */ = {isa = PBXFileReference; lastKnownFileType = folder.assetcatalog; path = Assets.xcassets; sourceTree = "<group>"; };
		D624BE4223A1EF0200124D88 /* Base */ = {isa = PBXFileReference; lastKnownFileType = file.storyboard; name = Base; path = Base.lproj/LaunchScreen.storyboard; sourceTree = "<group>"; };
		D624BE4423A1EF0200124D88 /* Info.plist */ = {isa = PBXFileReference; lastKnownFileType = text.plist.xml; path = Info.plist; sourceTree = "<group>"; };
/* End PBXFileReference section */

/* Begin PBXFrameworksBuildPhase section */
		D624BE3023A1EEFF00124D88 /* Frameworks */ = {
			isa = PBXFrameworksBuildPhase;
			buildActionMask = 2147483647;
			files = (
			);
			runOnlyForDeploymentPostprocessing = 0;
		};
/* End PBXFrameworksBuildPhase section */

/* Begin PBXGroup section */
		D624BE2A23A1EEFF00124D88 = {
			isa = PBXGroup;
			children = (
				D624BE3523A1EEFF00124D88 /* Face Recognition */,
				D624BE3423A1EEFF00124D88 /* Products */,
			);
			sourceTree = "<group>";
		};
		D624BE3423A1EEFF00124D88 /* Products */ = {
			isa = PBXGroup;
			children = (
				D624BE3323A1EEFF00124D88 /* Face Recognition.app */,
			);
			name = Products;
			sourceTree = "<group>";
		};
		D624BE3523A1EEFF00124D88 /* Face Recognition */ = {
			isa = PBXGroup;
			children = (
				D624BE3623A1EEFF00124D88 /* AppDelegate.swift */,
				D624BE3823A1EEFF00124D88 /* SceneDelegate.swift */,
				D624BE3A23A1EEFF00124D88 /* ViewController.swift */,
				D624BE3C23A1EEFF00124D88 /* Main.storyboard */,
				D624BE3F23A1EF0200124D88 /* Assets.xcassets */,
				D624BE4123A1EF0200124D88 /* LaunchScreen.storyboard */,
				D624BE4423A1EF0200124D88 /* Info.plist */,
			);
			path = "Face Recognition";
			sourceTree = "<group>";
		};
/* End PBXGroup section */

/* Begin PBXNativeTarget section */
		D624BE3223A1EEFF00124D88 /* Face Recognition */ = {
			isa = PBXNativeTarget;
			buildConfigurationList = D624BE4723A1EF0200124D88 /* Build configuration list for PBXNativeTarget "Face Recognition" */;
			buildPhases = (
				D624BE2F23A1EEFF00124D88 /* Sources */,
				D624BE3023A1EEFF00124D88 /* Frameworks */,
				D624BE3123A1EEFF00124D88 /* Resources */,
			);
			buildRules = (
			);
			dependencies = (
			);
			name = "Face Recognition";
			productName = "Face Recognition";
			productReference = D624BE3323A1EEFF00124D88 /* Face Recognition.app */;
			productType = "com.apple.product-type.application";
		};
/* End PBXNativeTarget section */

/* Begin PBXProject section */
		D624BE2B23A1EEFF00124D88 /* Project object */ = {
			isa = PBXProject;
			attributes = {
				LastSwiftUpdateCheck = 1130;
				LastUpgradeCheck = 1130;
				ORGANIZATIONNAME = "Tai Nguyen";
				TargetAttributes = {
					D624BE3223A1EEFF00124D88 = {
						CreatedOnToolsVersion = 11.3;
					};
				};
			};
			buildConfigurationList = D624BE2E23A1EEFF00124D88 /* Build configuration list for PBXProject "Face Recognition" */;
			compatibilityVersion = "Xcode 9.3";
			developmentRegion = en;
			hasScannedForEncodings = 0;
			knownRegions = (
				en,
				Base,
			);
			mainGroup = D624BE2A23A1EEFF00124D88;
			productRefGroup = D624BE3423A1EEFF00124D88 /* Products */;
			projectDirPath = "";
			projectRoot = "";
			targets = (
				D624BE3223A1EEFF00124D88 /* Face Recognition */,
			);
		};
/* End PBXProject section */

/* Begin PBXResourcesBuildPhase section */
		D624BE3123A1EEFF00124D88 /* Resources */ = {
			isa = PBXResourcesBuildPhase;
			buildActionMask = 2147483647;
			files = (
				D624BE4323A1EF0200124D88 /* LaunchScreen.storyboard in Resources */,
				D624BE4023A1EF0200124D88 /* Assets.xcassets in Resources */,
				D624BE3E23A1EEFF00124D88 /* Main.storyboard in Resources */,
			);
			runOnlyForDeploymentPostprocessing = 0;
		};
/* End PBXResourcesBuildPhase section */

/* Begin PBXSourcesBuildPhase section */
		D624BE2F23A1EEFF00124D88 /* Sources */ = {
			isa = PBXSourcesBuildPhase;
			buildActionMask = 2147483647;
			files = (
				D624BE3B23A1EEFF00124D88 /* ViewController.swift in Sources */,
				D624BE3723A1EEFF00124D88 /* AppDelegate.swift in Sources */,
				D624BE3923A1EEFF00124D88 /* SceneDelegate.swift in Sources */,
			);
			runOnlyForDeploymentPostprocessing = 0;
		};
/* End PBXSourcesBuildPhase section */

/* Begin PBXVariantGroup section */
		D624BE3C23A1EEFF00124D88 /* Main.storyboard */ = {
			isa = PBXVariantGroup;
			children = (
				D624BE3D23A1EEFF00124D88 /* Base */,
			);
			name = Main.storyboard;
			sourceTree = "<group>";
		};
		D624BE4123A1EF0200124D88 /* LaunchScreen.storyboard */ = {
			isa = PBXVariantGroup;
			children = (
				D624BE4223A1EF0200124D88 /* Base */,
			);
			name = LaunchScreen.storyboard;
			sourceTree = "<group>";
		};
/* End PBXVariantGroup section */

/* Begin XCBuildConfiguration section */
		D624BE4523A1EF0200124D88 /* Debug */ = {
			isa = XCBuildConfiguration;
			buildSettings = {
				ALWAYS_SEARCH_USER_PATHS = NO;
				CLANG_ANALYZER_NONNULL = YES;
				CLANG_ANALYZER_NUMBER_OBJECT_CONVERSION = YES_AGGRESSIVE;
				CLANG_CXX_LANGUAGE_STANDARD = "gnu++14";
				CLANG_CXX_LIBRARY = "libc++";
				CLANG_ENABLE_MODULES = YES;
				CLANG_ENABLE_OBJC_ARC = YES;
				CLANG_ENABLE_OBJC_WEAK = YES;
				CLANG_WARN_BLOCK_CAPTURE_AUTORELEASING = YES;
				CLANG_WARN_BOOL_CONVERSION = YES;
				CLANG_WARN_COMMA = YES;
				CLANG_WARN_CONSTANT_CONVERSION = YES;
				CLANG_WARN_DEPRECATED_OBJC_IMPLEMENTATIONS = YES;
				CLANG_WARN_DIRECT_OBJC_ISA_USAGE = YES_ERROR;
				CLANG_WARN_DOCUMENTATION_COMMENTS = YES;
				CLANG_WARN_EMPTY_BODY = YES;
				CLANG_WARN_ENUM_CONVERSION = YES;
				CLANG_WARN_INFINITE_RECURSION = YES;
				CLANG_WARN_INT_CONVERSION = YES;
				CLANG_WARN_NON_LITERAL_NULL_CONVERSION = YES;
				CLANG_WARN_OBJC_IMPLICIT_RETAIN_SELF = YES;
				CLANG_WARN_OBJC_LITERAL_CONVERSION = YES;
				CLANG_WARN_OBJC_ROOT_CLASS = YES_ERROR;
				CLANG_WARN_RANGE_LOOP_ANALYSIS = YES;
				CLANG_WARN_STRICT_PROTOTYPES = YES;
				CLANG_WARN_SUSPICIOUS_MOVE = YES;
				CLANG_WARN_UNGUARDED_AVAILABILITY = YES_AGGRESSIVE;
				CLANG_WARN_UNREACHABLE_CODE = YES;
				CLANG_WARN__DUPLICATE_METHOD_MATCH = YES;
				COPY_PHASE_STRIP = NO;
				DEBUG_INFORMATION_FORMAT = dwarf;
				ENABLE_STRICT_OBJC_MSGSEND = YES;
				ENABLE_TESTABILITY = YES;
				GCC_C_LANGUAGE_STANDARD = gnu11;
				GCC_DYNAMIC_NO_PIC = NO;
				GCC_NO_COMMON_BLOCKS = YES;
				GCC_OPTIMIZATION_LEVEL = 0;
				GCC_PREPROCESSOR_DEFINITIONS = (
					"DEBUG=1",
					"$(inherited)",
				);
				GCC_WARN_64_TO_32_BIT_CONVERSION = YES;
				GCC_WARN_ABOUT_RETURN_TYPE = YES_ERROR;
				GCC_WARN_UNDECLARED_SELECTOR = YES;
				GCC_WARN_UNINITIALIZED_AUTOS = YES_AGGRESSIVE;
				GCC_WARN_UNUSED_FUNCTION = YES;
				GCC_WARN_UNUSED_VARIABLE = YES;
				IPHONEOS_DEPLOYMENT_TARGET = 13.2;
				MTL_ENABLE_DEBUG_INFO = INCLUDE_SOURCE;
				MTL_FAST_MATH = YES;
				ONLY_ACTIVE_ARCH = YES;
				SDKROOT = iphoneos;
				SWIFT_ACTIVE_COMPILATION_CONDITIONS = DEBUG;
				SWIFT_OPTIMIZATION_LEVEL = "-Onone";
			};
			name = Debug;
		};
		D624BE4623A1EF0200124D88 /* Release */ = {
			isa = XCBuildConfiguration;
			buildSettings = {
				ALWAYS_SEARCH_USER_PATHS = NO;
				CLANG_ANALYZER_NONNULL = YES;
				CLANG_ANALYZER_NUMBER_OBJECT_CONVERSION = YES_AGGRESSIVE;
				CLANG_CXX_LANGUAGE_STANDARD = "gnu++14";
				CLANG_CXX_LIBRARY = "libc++";
				CLANG_ENABLE_MODULES = YES;
				CLANG_ENABLE_OBJC_ARC = YES;
				CLANG_ENABLE_OBJC_WEAK = YES;
				CLANG_WARN_BLOCK_CAPTURE_AUTORELEASING = YES;
				CLANG_WARN_BOOL_CONVERSION = YES;
				CLANG_WARN_COMMA = YES;
				CLANG_WARN_CONSTANT_CONVERSION = YES;
				CLANG_WARN_DEPRECATED_OBJC_IMPLEMENTATIONS = YES;
				CLANG_WARN_DIRECT_OBJC_ISA_USAGE = YES_ERROR;
				CLANG_WARN_DOCUMENTATION_COMMENTS = YES;
				CLANG_WARN_EMPTY_BODY = YES;
				CLANG_WARN_ENUM_CONVERSION = YES;
				CLANG_WARN_INFINITE_RECURSION = YES;
				CLANG_WARN_INT_CONVERSION = YES;
				CLANG_WARN_NON_LITERAL_NULL_CONVERSION = YES;
				CLANG_WARN_OBJC_IMPLICIT_RETAIN_SELF = YES;
				CLANG_WARN_OBJC_LITERAL_CONVERSION = YES;
				CLANG_WARN_OBJC_ROOT_CLASS = YES_ERROR;
				CLANG_WARN_RANGE_LOOP_ANALYSIS = YES;
				CLANG_WARN_STRICT_PROTOTYPES = YES;
				CLANG_WARN_SUSPICIOUS_MOVE = YES;
				CLANG_WARN_UNGUARDED_AVAILABILITY = YES_AGGRESSIVE;
				CLANG_WARN_UNREACHABLE_CODE = YES;
				CLANG_WARN__DUPLICATE_METHOD_MATCH = YES;
				COPY_PHASE_STRIP = NO;
				DEBUG_INFORMATION_FORMAT = "dwarf-with-dsym";
				ENABLE_NS_ASSERTIONS = NO;
				ENABLE_STRICT_OBJC_MSGSEND = YES;
				GCC_C_LANGUAGE_STANDARD = gnu11;
				GCC_NO_COMMON_BLOCKS = YES;
				GCC_WARN_64_TO_32_BIT_CONVERSION = YES;
				GCC_WARN_ABOUT_RETURN_TYPE = YES_ERROR;
				GCC_WARN_UNDECLARED_SELECTOR = YES;
				GCC_WARN_UNINITIALIZED_AUTOS = YES_AGGRESSIVE;
				GCC_WARN_UNUSED_FUNCTION = YES;
				GCC_WARN_UNUSED_VARIABLE = YES;
				IPHONEOS_DEPLOYMENT_TARGET = 13.2;
				MTL_ENABLE_DEBUG_INFO = NO;
				MTL_FAST_MATH = YES;
				SDKROOT = iphoneos;
				SWIFT_COMPILATION_MODE = wholemodule;
				SWIFT_OPTIMIZATION_LEVEL = "-O";
				VALIDATE_PRODUCT = YES;
			};
			name = Release;
		};
		D624BE4823A1EF0200124D88 /* Debug */ = {
			isa = XCBuildConfiguration;
			buildSettings = {
				ASSETCATALOG_COMPILER_APPICON_NAME = AppIcon;
				CODE_SIGN_STYLE = Automatic;
				DEVELOPMENT_TEAM = B24EEZ8S3G;
				INFOPLIST_FILE = "Face Recognition/Info.plist";
				LD_RUNPATH_SEARCH_PATHS = (
					"$(inherited)",
					"@executable_path/Frameworks",
				);
				PRODUCT_BUNDLE_IDENTIFIER = "com.tainguyenduc.Face-Recognition";
				PRODUCT_NAME = "$(TARGET_NAME)";
				SWIFT_VERSION = 5.0;
				TARGETED_DEVICE_FAMILY = "1,2";
			};
			name = Debug;
		};
		D624BE4923A1EF0200124D88 /* Release */ = {
			isa = XCBuildConfiguration;
			buildSettings = {
				ASSETCATALOG_COMPILER_APPICON_NAME = AppIcon;
				CODE_SIGN_STYLE = Automatic;
				DEVELOPMENT_TEAM = B24EEZ8S3G;
				INFOPLIST_FILE = "Face Recognition/Info.plist";
				LD_RUNPATH_SEARCH_PATHS = (
					"$(inherited)",
					"@executable_path/Frameworks",
				);
				PRODUCT_BUNDLE_IDENTIFIER = "com.tainguyenduc.Face-Recognition";
				PRODUCT_NAME = "$(TARGET_NAME)";
				SWIFT_VERSION = 5.0;
				TARGETED_DEVICE_FAMILY = "1,2";
			};
			name = Release;
		};
/* End XCBuildConfiguration section */

/* Begin XCConfigurationList section */
		D624BE2E23A1EEFF00124D88 /* Build configuration list for PBXProject "Face Recognition" */ = {
			isa = XCConfigurationList;
			buildConfigurations = (
				D624BE4523A1EF0200124D88 /* Debug */,
				D624BE4623A1EF0200124D88 /* Release */,
			);
			defaultConfigurationIsVisible = 0;
			defaultConfigurationName = Release;
		};
		D624BE4723A1EF0200124D88 /* Build configuration list for PBXNativeTarget "Face Recognition" */ = {
			isa = XCConfigurationList;
			buildConfigurations = (
				D624BE4823A1EF0200124D88 /* Debug */,
				D624BE4923A1EF0200124D88 /* Release */,
			);
			defaultConfigurationIsVisible = 0;
			defaultConfigurationName = Release;
		};
/* End XCConfigurationList section */
	};
	rootObject = D624BE2B23A1EEFF00124D88 /* Project object */;
}
